
Microsoft Visual Studio Solution File, Format Version 12.00
# Visual Studio 14
VisualStudioVersion = 14.0.25123.0
MinimumVisualStudioVersion = 10.0.40219.1
Project("{8BC9CEB8-8B4A-11D0-8D11-00A0C91BC942}") = "Parser_signal_finder", "Parser_signal_finder.vcxproj", "{D8280F0A-59E7-4B4C-8001-39C0AEEA4EDF}"
EndProject
Project("{8BC9CEB8-8B4A-11D0-8D11-00A0C91BC942}") = "test_save_canvas(work ok)", "..\test_save_canvas\test_save_canvas.vcxproj", "{889D6EAF-4825-45C8-A746-36848F5A8AF0}"
EndProject
Project("{8BC9CEB8-8B4A-11D0-8D11-00A0C91BC942}") = "Parser_signal_finder_Copy", "Copy\Parser_signal_finder_Copy.vcxproj", "{731884B8-716B-4729-B4D4-83BAC43514F9}"
EndProject
Project("{8BC9CEB8-8B4A-11D0-8D11-00A0C91BC942}") = "Parser_signal_finder_oop", "Parser_signal_finder_oop\Parser_signal_finder_oop.vcxproj", "{BDFE5C33-D36C-4CC3-8B1C-5A1DB8B4E56E}"
EndProject
Project("{8BC9CEB8-8B4A-11D0-8D11-00A0C91BC942}") = "test_read_write_structure", "test_read_write_structure\test_read_write_structure.vcxproj", "{3CA0B125-31BB-4F3C-8058-EE3A152D478E}"
EndProject
Project("{8BC9CEB8-8B4A-11D0-8D11-00A0C91BC942}") = "ProcessTrees", "ProcessTrees\ProcessTrees.vcxproj", "{4BC435ED-95C1-40D2-B861-442E7F1AE56E}"
EndProject
Project("{8BC9CEB8-8B4A-11D0-8D11-00A0C91BC942}") = "test_ditionary", "test_ditionary\test_ditionary.vcxproj", "{7B6F8873-0651-4D4F-9054-F59166E0296C}"
EndProject
Global
	GlobalSection(SolutionConfigurationPlatforms) = preSolution
		Debug|Win32 = Debug|Win32
		Debug|x64 = Debug|x64
		Release|Win32 = Release|Win32
		Release|x64 = Release|x64
	EndGlobalSection
	GlobalSection(ProjectConfigurationPlatforms) = postSolution
		{D8280F0A-59E7-4B4C-8001-39C0AEEA4EDF}.Debug|Win32.ActiveCfg = Debug|Win32
		{D8280F0A-59E7-4B4C-8001-39C0AEEA4EDF}.Debug|Win32.Build.0 = Debug|Win32
		{D8280F0A-59E7-4B4C-8001-39C0AEEA4EDF}.Debug|x64.ActiveCfg = Debug|Win32
		{D8280F0A-59E7-4B4C-8001-39C0AEEA4EDF}.Release|Win32.ActiveCfg = Release|Win32
		{D8280F0A-59E7-4B4C-8001-39C0AEEA4EDF}.Release|Win32.Build.0 = Release|Win32
		{D8280F0A-59E7-4B4C-8001-39C0AEEA4EDF}.Release|x64.ActiveCfg = Release|Win32
		{889D6EAF-4825-45C8-A746-36848F5A8AF0}.Debug|Win32.ActiveCfg = Debug|Win32
		{889D6EAF-4825-45C8-A746-36848F5A8AF0}.Debug|Win32.Build.0 = Debug|Win32
		{889D6EAF-4825-45C8-A746-36848F5A8AF0}.Debug|x64.ActiveCfg = Debug|x64
		{889D6EAF-4825-45C8-A746-36848F5A8AF0}.Debug|x64.Build.0 = Debug|x64
		{889D6EAF-4825-45C8-A746-36848F5A8AF0}.Release|Win32.ActiveCfg = Release|Win32
		{889D6EAF-4825-45C8-A746-36848F5A8AF0}.Release|Win32.Build.0 = Release|Win32
		{889D6EAF-4825-45C8-A746-36848F5A8AF0}.Release|x64.ActiveCfg = Release|x64
		{889D6EAF-4825-45C8-A746-36848F5A8AF0}.Release|x64.Build.0 = Release|x64
		{731884B8-716B-4729-B4D4-83BAC43514F9}.Debug|Win32.ActiveCfg = Debug|Win32
		{731884B8-716B-4729-B4D4-83BAC43514F9}.Debug|Win32.Build.0 = Debug|Win32
		{731884B8-716B-4729-B4D4-83BAC43514F9}.Debug|x64.ActiveCfg = Debug|Win32
		{731884B8-716B-4729-B4D4-83BAC43514F9}.Release|Win32.ActiveCfg = Release|Win32
		{731884B8-716B-4729-B4D4-83BAC43514F9}.Release|Win32.Build.0 = Release|Win32
		{731884B8-716B-4729-B4D4-83BAC43514F9}.Release|x64.ActiveCfg = Release|Win32
		{BDFE5C33-D36C-4CC3-8B1C-5A1DB8B4E56E}.Debug|Win32.ActiveCfg = Debug|Win32
		{BDFE5C33-D36C-4CC3-8B1C-5A1DB8B4E56E}.Debug|Win32.Build.0 = Debug|Win32
		{BDFE5C33-D36C-4CC3-8B1C-5A1DB8B4E56E}.Debug|x64.ActiveCfg = Debug|x64
		{BDFE5C33-D36C-4CC3-8B1C-5A1DB8B4E56E}.Debug|x64.Build.0 = Debug|x64
		{BDFE5C33-D36C-4CC3-8B1C-5A1DB8B4E56E}.Release|Win32.ActiveCfg = Release|Win32
		{BDFE5C33-D36C-4CC3-8B1C-5A1DB8B4E56E}.Release|Win32.Build.0 = Release|Win32
		{BDFE5C33-D36C-4CC3-8B1C-5A1DB8B4E56E}.Release|x64.ActiveCfg = Release|x64
		{BDFE5C33-D36C-4CC3-8B1C-5A1DB8B4E56E}.Release|x64.Build.0 = Release|x64
		{3CA0B125-31BB-4F3C-8058-EE3A152D478E}.Debug|Win32.ActiveCfg = Debug|Win32
		{3CA0B125-31BB-4F3C-8058-EE3A152D478E}.Debug|Win32.Build.0 = Debug|Win32
		{3CA0B125-31BB-4F3C-8058-EE3A152D478E}.Debug|x64.ActiveCfg = Debug|x64
		{3CA0B125-31BB-4F3C-8058-EE3A152D478E}.Debug|x64.Build.0 = Debug|x64
		{3CA0B125-31BB-4F3C-8058-EE3A152D478E}.Release|Win32.ActiveCfg = Release|Win32
		{3CA0B125-31BB-4F3C-8058-EE3A152D478E}.Release|Win32.Build.0 = Release|Win32
		{3CA0B125-31BB-4F3C-8058-EE3A152D478E}.Release|x64.ActiveCfg = Release|x64
		{3CA0B125-31BB-4F3C-8058-EE3A152D478E}.Release|x64.Build.0 = Release|x64
		{4BC435ED-95C1-40D2-B861-442E7F1AE56E}.Debug|Win32.ActiveCfg = Debug|Win32
		{4BC435ED-95C1-40D2-B861-442E7F1AE56E}.Debug|Win32.Build.0 = Debug|Win32
		{4BC435ED-95C1-40D2-B861-442E7F1AE56E}.Debug|x64.ActiveCfg = Debug|x64
		{4BC435ED-95C1-40D2-B861-442E7F1AE56E}.Debug|x64.Build.0 = Debug|x64
		{4BC435ED-95C1-40D2-B861-442E7F1AE56E}.Release|Win32.ActiveCfg = Release|Win32
		{4BC435ED-95C1-40D2-B861-442E7F1AE56E}.Release|Win32.Build.0 = Release|Win32
		{4BC435ED-95C1-40D2-B861-442E7F1AE56E}.Release|x64.ActiveCfg = Release|x64
		{4BC435ED-95C1-40D2-B861-442E7F1AE56E}.Release|x64.Build.0 = Release|x64
		{7B6F8873-0651-4D4F-9054-F59166E0296C}.Debug|Win32.ActiveCfg = Debug|Win32
		{7B6F8873-0651-4D4F-9054-F59166E0296C}.Debug|Win32.Build.0 = Debug|Win32
		{7B6F8873-0651-4D4F-9054-F59166E0296C}.Debug|x64.ActiveCfg = Debug|x64
		{7B6F8873-0651-4D4F-9054-F59166E0296C}.Debug|x64.Build.0 = Debug|x64
		{7B6F8873-0651-4D4F-9054-F59166E0296C}.Release|Win32.ActiveCfg = Release|Win32
		{7B6F8873-0651-4D4F-9054-F59166E0296C}.Release|Win32.Build.0 = Release|Win32
		{7B6F8873-0651-4D4F-9054-F59166E0296C}.Release|x64.ActiveCfg = Release|x64
		{7B6F8873-0651-4D4F-9054-F59166E0296C}.Release|x64.Build.0 = Release|x64
	EndGlobalSection
	GlobalSection(SolutionProperties) = preSolution
		HideSolutionNode = FALSE
	EndGlobalSection
EndGlobal
