<?xml version="1.0" encoding="utf-8"?>
<Project ToolsVersion="4.0" xmlns="http://schemas.microsoft.com/developer/msbuild/2003">
  <ItemGroup>
    <Filter Include="Source Files">
      <UniqueIdentifier>{4FC737F1-C7A5-4376-A066-2A32D752A2FF}</UniqueIdentifier>
      <Extensions>cpp;c;cc;cxx;def;odl;idl;hpj;bat;asm;asmx</Extensions>
    </Filter>
    <Filter Include="Header Files">
      <UniqueIdentifier>{93995380-89BD-4b04-88EB-625FBE52EBFB}</UniqueIdentifier>
      <Extensions>h;hh;hpp;hxx;hm;inl;inc;xsd</Extensions>
    </Filter>
    <Filter Include="Resource Files">
      <UniqueIdentifier>{67DA6AB6-F800-4c08-8B7A-83BB121AAD01}</UniqueIdentifier>
      <Extensions>rc;ico;cur;bmp;dlg;rc2;rct;bin;rgs;gif;jpg;jpeg;jpe;resx;tiff;tif;png;wav;mfcribbon-ms</Extensions>
    </Filter>
    <Filter Include="Header Files\CalcData">
      <UniqueIdentifier>{e21bb02c-e7e5-499a-9f47-77676780f49f}</UniqueIdentifier>
    </Filter>
    <Filter Include="Source Files\CalcData">
      <UniqueIdentifier>{4fc3657e-3dc4-4198-a108-85b4ed0f59eb}</UniqueIdentifier>
    </Filter>
    <Filter Include="Header Files\ReadData">
      <UniqueIdentifier>{dc40c212-89a7-41ce-8f75-4f67c2c97f9d}</UniqueIdentifier>
    </Filter>
    <Filter Include="Source Files\ReadData">
      <UniqueIdentifier>{92587e16-7123-4a45-aedc-f7f7b7d1eb6c}</UniqueIdentifier>
    </Filter>
    <Filter Include="Header Files\CalcData\CalcBaseline">
      <UniqueIdentifier>{5d5c1d58-9cd4-473a-a107-c1125e168fff}</UniqueIdentifier>
    </Filter>
    <Filter Include="Source Files\CalcData\CalcBaseline">
      <UniqueIdentifier>{6cc9620e-7a46-4317-9dbf-f2ca82125ccf}</UniqueIdentifier>
    </Filter>
    <Filter Include="Source Files\CalcData\PeakFinder">
      <UniqueIdentifier>{ba7727c2-e852-4074-8e31-53f1eec59c07}</UniqueIdentifier>
    </Filter>
    <Filter Include="Source Files\CalcData\CalcIntegral">
      <UniqueIdentifier>{abb20c68-19e8-43b9-ba9d-b0f86145ba6e}</UniqueIdentifier>
    </Filter>
    <Filter Include="Source Files\CalcData\Filter">
      <UniqueIdentifier>{7b91b81d-bac3-4b76-a434-62d9468bcf8b}</UniqueIdentifier>
    </Filter>
    <Filter Include="Header Files\CalcData\CalcIntegral">
      <UniqueIdentifier>{2d6b6f4e-097d-459c-b243-7c3700288f9a}</UniqueIdentifier>
    </Filter>
    <Filter Include="Header Files\CalcData\Filter">
      <UniqueIdentifier>{0e008e9a-4347-49cc-b4d1-eb9718a378e8}</UniqueIdentifier>
    </Filter>
    <Filter Include="Header Files\CalcData\PeakFinder">
      <UniqueIdentifier>{c7519d2c-8361-412e-9797-7c435f199807}</UniqueIdentifier>
    </Filter>
    <Filter Include="Source Files\PhysicalData">
      <UniqueIdentifier>{5c4e1d7d-abc8-424f-8423-d378149f7d32}</UniqueIdentifier>
    </Filter>
    <Filter Include="Header Files\PhysicalData">
      <UniqueIdentifier>{e64db04d-83a0-418c-9830-9d7528b4f1e2}</UniqueIdentifier>
    </Filter>
    <Filter Include="Source Files\CalcData\CoG">
      <UniqueIdentifier>{d8cae407-337c-4469-82cc-beba1976f264}</UniqueIdentifier>
    </Filter>
    <Filter Include="Header Files\CalcData\CoG">
      <UniqueIdentifier>{cdcef1f2-7e15-4289-9f9d-34dbb38f9afd}</UniqueIdentifier>
    </Filter>
  </ItemGroup>
  <ItemGroup>
    <ClCompile Include="FillCanv.cpp">
      <Filter>Source Files</Filter>
    </ClCompile>
    <ClCompile Include="Main.cpp">
      <Filter>Source Files</Filter>
    </ClCompile>
    <ClCompile Include="WriteTree.cpp">
      <Filter>Source Files</Filter>
    </ClCompile>
    <ClCompile Include="CalcData.cpp">
      <Filter>Source Files\CalcData</Filter>
    </ClCompile>
    <ClCompile Include="TypeConvertion.cpp">
      <Filter>Source Files</Filter>
    </ClCompile>
    <ClCompile Include="ReadData_CAEN.cpp">
      <Filter>Source Files\ReadData</Filter>
    </ClCompile>
    <ClCompile Include="ReadData_LeCroy.cpp">
      <Filter>Source Files\ReadData</Filter>
    </ClCompile>
    <ClCompile Include="ReadData.cpp">
      <Filter>Source Files\ReadData</Filter>
    </ClCompile>
    <ClCompile Include="CalcBaseline.cpp">
      <Filter>Source Files\CalcData\CalcBaseline</Filter>
    </ClCompile>
    <ClCompile Include="CalcBaselineZeroComp.cpp">
      <Filter>Source Files\CalcData\CalcBaseline</Filter>
    </ClCompile>
    <ClCompile Include="CalcBaselineTrivial.cpp">
      <Filter>Source Files\CalcData\CalcBaseline</Filter>
    </ClCompile>
    <ClCompile Include="CalcBaselineMedianFilter.cpp">
      <Filter>Source Files\CalcData\CalcBaseline</Filter>
    </ClCompile>
    <ClCompile Include="FindS2.cpp">
      <Filter>Source Files\CalcData\PeakFinder</Filter>
    </ClCompile>
    <ClCompile Include="PeakFinder.cpp">
      <Filter>Source Files\CalcData\PeakFinder</Filter>
    </ClCompile>
    <ClCompile Include="CalcIntegral.cpp">
      <Filter>Source Files\CalcData\CalcIntegral</Filter>
    </ClCompile>
    <ClCompile Include="CalcIntegralS1.cpp">
      <Filter>Source Files\CalcData\CalcIntegral</Filter>
    </ClCompile>
    <ClCompile Include="CalcDoubleIntegral.cpp">
      <Filter>Source Files\CalcData\CalcIntegral</Filter>
    </ClCompile>
    <ClCompile Include="CalcDer.cpp">
      <Filter>Source Files\CalcData\Filter</Filter>
    </ClCompile>
    <ClCompile Include="FTFilter.cpp">
      <Filter>Source Files\CalcData\Filter</Filter>
    </ClCompile>
    <ClCompile Include="PeakFinderBase.cpp">
      <Filter>Source Files\CalcData\PeakFinder</Filter>
    </ClCompile>
    <ClCompile Include="PeakFinderFind.cpp">
      <Filter>Source Files\CalcData\PeakFinder</Filter>
    </ClCompile>
    <ClCompile Include="RunDescription.cpp">
      <Filter>Source Files</Filter>
    </ClCompile>
    <ClCompile Include="CalcDoubleIntegralCalib.cpp">
      <Filter>Source Files\CalcData\CalcIntegral</Filter>
    </ClCompile>
    <ClCompile Include="MaskTreeBranches.cpp">
      <Filter>Source Files</Filter>
    </ClCompile>
    <ClCompile Include="ChCharacteristics.cpp">
      <Filter>Source Files\PhysicalData</Filter>
    </ClCompile>
    <ClCompile Include="CoGBase.cpp">
      <Filter>Source Files\CalcData\CoG</Filter>
    </ClCompile>
  </ItemGroup>
  <ItemGroup>
    <ClInclude Include="FillCanv.h">
      <Filter>Header Files</Filter>
    </ClInclude>
    <ClInclude Include="WriteTree.h">
      <Filter>Header Files</Filter>
    </ClInclude>
    <ClInclude Include="CalcData.h">
      <Filter>Header Files\CalcData</Filter>
    </ClInclude>
    <ClInclude Include="TypeConvertion.h">
      <Filter>Header Files</Filter>
    </ClInclude>
    <ClInclude Include="ReadData_CAEN.h">
      <Filter>Header Files\ReadData</Filter>
    </ClInclude>
    <ClInclude Include="ReadData_LeCroy.h">
      <Filter>Header Files\ReadData</Filter>
    </ClInclude>
    <ClInclude Include="ReadData.h">
      <Filter>Header Files\ReadData</Filter>
    </ClInclude>
    <ClInclude Include="CalcBaseline.h">
      <Filter>Header Files\CalcData\CalcBaseline</Filter>
    </ClInclude>
    <ClInclude Include="CalcBaselineZeroComp.h">
      <Filter>Header Files\CalcData\CalcBaseline</Filter>
    </ClInclude>
    <ClInclude Include="CalcBaselineTrivial.h">
      <Filter>Header Files\CalcData\CalcBaseline</Filter>
    </ClInclude>
    <ClInclude Include="CalcBaselineMedianFilter.h">
      <Filter>Header Files\CalcData\CalcBaseline</Filter>
    </ClInclude>
    <ClInclude Include="CalcIntegralS1.h">
      <Filter>Header Files\CalcData\CalcIntegral</Filter>
    </ClInclude>
    <ClInclude Include="CalcIntegral.h">
      <Filter>Header Files\CalcData\CalcIntegral</Filter>
    </ClInclude>
    <ClInclude Include="FTFilter.h">
      <Filter>Header Files\CalcData\Filter</Filter>
    </ClInclude>
    <ClInclude Include="CalcDer.h">
      <Filter>Header Files\CalcData\Filter</Filter>
    </ClInclude>
    <ClInclude Include="PeakFinder.h">
      <Filter>Header Files\CalcData\PeakFinder</Filter>
    </ClInclude>
    <ClInclude Include="FindS2.h">
      <Filter>Header Files\CalcData\PeakFinder</Filter>
    </ClInclude>
    <ClInclude Include="CalcDoubleIntegral.h">
      <Filter>Header Files\CalcData\CalcIntegral</Filter>
    </ClInclude>
    <ClInclude Include="PeakFinderBase.h">
      <Filter>Header Files\CalcData\PeakFinder</Filter>
    </ClInclude>
    <ClInclude Include="PeakFinderFind.h">
      <Filter>Header Files\CalcData\PeakFinder</Filter>
    </ClInclude>
    <ClInclude Include="RunDescription.h">
      <Filter>Header Files</Filter>
    </ClInclude>
    <ClInclude Include="CalcDoubleIntegralCalib.h">
      <Filter>Header Files\CalcData\CalcIntegral</Filter>
    </ClInclude>
    <ClInclude Include="MaskTreeBranches.h">
      <Filter>Header Files</Filter>
    </ClInclude>
    <ClInclude Include="ChCharacteristics.h">
      <Filter>Header Files\PhysicalData</Filter>
    </ClInclude>
    <ClInclude Include="CoGBase.h">
      <Filter>Header Files\CalcData\CoG</Filter>
    </ClInclude>
  </ItemGroup>
</Project>