<?xml version="1.0" encoding="utf-8"?>
<Project ToolsVersion="4.0" xmlns="http://schemas.microsoft.com/developer/msbuild/2003">
  <ItemGroup>
    <Filter Include="Source Files">
      <UniqueIdentifier>{4FC737F1-C7A5-4376-A066-2A32D752A2FF}</UniqueIdentifier>
      <Extensions>cpp;c;cc;cxx;def;odl;idl;hpj;bat;asm;asmx</Extensions>
    </Filter>
    <Filter Include="Header Files">
      <UniqueIdentifier>{93995380-89BD-4b04-88EB-625FBE52EBFB}</UniqueIdentifier>
      <Extensions>h;hh;hpp;hxx;hm;inl;inc;xsd</Extensions>
    </Filter>
    <Filter Include="Resource Files">
      <UniqueIdentifier>{67DA6AB6-F800-4c08-8B7A-83BB121AAD01}</UniqueIdentifier>
      <Extensions>rc;ico;cur;bmp;dlg;rc2;rct;bin;rgs;gif;jpg;jpeg;jpe;resx;tiff;tif;png;wav;mfcribbon-ms</Extensions>
    </Filter>
    <Filter Include="Header Files\CalcData">
      <UniqueIdentifier>{e21bb02c-e7e5-499a-9f47-77676780f49f}</UniqueIdentifier>
    </Filter>
    <Filter Include="Source Files\CalcData">
      <UniqueIdentifier>{4fc3657e-3dc4-4198-a108-85b4ed0f59eb}</UniqueIdentifier>
    </Filter>
    <Filter Include="Header Files\ReadData">
      <UniqueIdentifier>{dc40c212-89a7-41ce-8f75-4f67c2c97f9d}</UniqueIdentifier>
    </Filter>
    <Filter Include="Source Files\ReadData">
      <UniqueIdentifier>{92587e16-7123-4a45-aedc-f7f7b7d1eb6c}</UniqueIdentifier>
    </Filter>
  </ItemGroup>
  <ItemGroup>
    <ClCompile Include="FillCanv.cpp">
      <Filter>Source Files</Filter>
    </ClCompile>
    <ClCompile Include="Main.cpp">
      <Filter>Source Files</Filter>
    </ClCompile>
    <ClCompile Include="WriteTree.cpp">
      <Filter>Source Files</Filter>
    </ClCompile>
    <ClCompile Include="CalcBaseline.cpp">
      <Filter>Source Files\CalcData</Filter>
    </ClCompile>
    <ClCompile Include="CalcData.cpp">
      <Filter>Source Files\CalcData</Filter>
    </ClCompile>
    <ClCompile Include="CalcDer.cpp">
      <Filter>Source Files\CalcData</Filter>
    </ClCompile>
    <ClCompile Include="CalcIntegral.cpp">
      <Filter>Source Files\CalcData</Filter>
    </ClCompile>
    <ClCompile Include="PeakFinder.cpp">
      <Filter>Source Files\CalcData</Filter>
    </ClCompile>
    <ClCompile Include="TypeConvertion.cpp">
      <Filter>Source Files</Filter>
    </ClCompile>
    <ClCompile Include="FindS2.cpp">
      <Filter>Source Files\CalcData</Filter>
    </ClCompile>
    <ClCompile Include="CalcIntegralS1.cpp">
      <Filter>Source Files\CalcData</Filter>
    </ClCompile>
    <ClCompile Include="FTFilter.cpp">
      <Filter>Source Files\CalcData</Filter>
    </ClCompile>
    <ClCompile Include="ReadData_CAEN.cpp">
      <Filter>Source Files\ReadData</Filter>
    </ClCompile>
    <ClCompile Include="ReadData_LeCroy.cpp">
      <Filter>Source Files\ReadData</Filter>
    </ClCompile>
    <ClCompile Include="ReadData.cpp">
      <Filter>Source Files\ReadData</Filter>
    </ClCompile>
  </ItemGroup>
  <ItemGroup>
    <ClInclude Include="FillCanv.h">
      <Filter>Header Files</Filter>
    </ClInclude>
    <ClInclude Include="WriteTree.h">
      <Filter>Header Files</Filter>
    </ClInclude>
    <ClInclude Include="CalcIntegral.h">
      <Filter>Header Files\CalcData</Filter>
    </ClInclude>
    <ClInclude Include="CalcDer.h">
      <Filter>Header Files\CalcData</Filter>
    </ClInclude>
    <ClInclude Include="CalcData.h">
      <Filter>Header Files\CalcData</Filter>
    </ClInclude>
    <ClInclude Include="CalcBaseline.h">
      <Filter>Header Files\CalcData</Filter>
    </ClInclude>
    <ClInclude Include="PeakFinder.h">
      <Filter>Header Files\CalcData</Filter>
    </ClInclude>
    <ClInclude Include="TypeConvertion.h">
      <Filter>Header Files</Filter>
    </ClInclude>
    <ClInclude Include="FindS2.h">
      <Filter>Header Files\CalcData</Filter>
    </ClInclude>
    <ClInclude Include="CalcIntegralS1.h">
      <Filter>Header Files\CalcData</Filter>
    </ClInclude>
    <ClInclude Include="FTFilter.h">
      <Filter>Header Files\CalcData</Filter>
    </ClInclude>
    <ClInclude Include="ReadData_CAEN.h">
      <Filter>Header Files\ReadData</Filter>
    </ClInclude>
    <ClInclude Include="ReadData_LeCroy.h">
      <Filter>Header Files\ReadData</Filter>
    </ClInclude>
    <ClInclude Include="ReadData.h">
      <Filter>Header Files\ReadData</Filter>
    </ClInclude>
  </ItemGroup>
</Project>